
Microsoft Visual Studio Solution File, Format Version 12.00
# Visual Studio Version 16
VisualStudioVersion = 16.0.29911.84
MinimumVisualStudioVersion = 10.0.40219.1
Project("{9A19103F-16F7-4668-BE54-9A1E7A4F7556}") = "FlappyBird.Web", "FlappyBird.Web\FlappyBird.Web.csproj", "{E0D32079-7A79-4E05-9F2C-F7C3F52462F4}"
EndProject
Global
	GlobalSection(SolutionConfigurationPlatforms) = preSolution
		Debug|Any CPU = Debug|Any CPU
		Release|Any CPU = Release|Any CPU
	EndGlobalSection
	GlobalSection(ProjectConfigurationPlatforms) = postSolution
		{E0D32079-7A79-4E05-9F2C-F7C3F52462F4}.Debug|Any CPU.ActiveCfg = Debug|Any CPU
		{E0D32079-7A79-4E05-9F2C-F7C3F52462F4}.Debug|Any CPU.Build.0 = Debug|Any CPU
		{E0D32079-7A79-4E05-9F2C-F7C3F52462F4}.Release|Any CPU.ActiveCfg = Release|Any CPU
		{E0D32079-7A79-4E05-9F2C-F7C3F52462F4}.Release|Any CPU.Build.0 = Release|Any CPU
	EndGlobalSection
	GlobalSection(SolutionProperties) = preSolution
		HideSolutionNode = FALSE
	EndGlobalSection
	GlobalSection(ExtensibilityGlobals) = postSolution
		SolutionGuid = {BA1B95D6-D6C3-4FE9-84A5-91F246F120D3}
	EndGlobalSection
EndGlobal
